# THIS IS AN AUTOGENERATED FILE. DO NOT EDIT THIS FILE DIRECTLY.
# yarn lockfile v1


bootstrap-select@^1.12.4:
  version "1.12.4"
  resolved "https://registry.yarnpkg.com/bootstrap-select/-/bootstrap-select-1.12.4.tgz#7f15d3c0ce978868d9c09c70f96624f55fa02ee1"
  dependencies:
    jquery ">=1.8"

bootstrap@^3.3, bootstrap@^3.3.7:
  version "3.3.7"
  resolved "https://registry.yarnpkg.com/bootstrap/-/bootstrap-3.3.7.tgz#5a389394549f23330875a3b150656574f8a9eb71"

datatables@^1.10.13:
  version "1.10.13"
  resolved "https://registry.yarnpkg.com/datatables/-/datatables-1.10.13.tgz#9bb2dec6f7dcf02049a00e4f0e7d3fe009c39346"
  dependencies:
    jquery ">=1.7"

eonasdan-bootstrap-datetimepicker@^4.17.47:
  version "4.17.47"
  resolved "https://registry.yarnpkg.com/eonasdan-bootstrap-datetimepicker/-/eonasdan-bootstrap-datetimepicker-4.17.47.tgz#7a49970044065276e7965efd16f822735219e735"
  dependencies:
    bootstrap "^3.3"
    jquery "^1.8.3 || ^2.0 || ^3.0"
    moment "^2.10"
    moment-timezone "^0.4.0"

font-awesome@^4.7.0:
  version "4.7.0"
  resolved "https://registry.yarnpkg.com/font-awesome/-/font-awesome-4.7.0.tgz#8fa8cf0411a1a31afd07b06d2902bb9fc815a133"

jquery@>=1.7, jquery@>=1.8, "jquery@^1.8.3 || ^2.0 || ^3.0", jquery@^3.2.1:
  version "3.2.1"
  resolved "https://registry.yarnpkg.com/jquery/-/jquery-3.2.1.tgz#5c4d9de652af6cd0a770154a631bba12b015c787"

moment-timezone@^0.4.0:
  version "0.4.1"
  resolved "https://registry.yarnpkg.com/moment-timezone/-/moment-timezone-0.4.1.tgz#81f598c3ad5e22cdad796b67ecd8d88d0f5baa06"
  dependencies:
    moment ">= 2.6.0"

"moment@>= 2.6.0", moment@^2.10, moment@^2.19.1:
  version "2.19.1"
  resolved "https://registry.yarnpkg.com/moment/-/moment-2.19.1.tgz#56da1a2d1cbf01d38b7e1afc31c10bcfa1929167"
